
Microsoft Visual Studio Solution File, Format Version 12.00
# Visual Studio Version 17
VisualStudioVersion = 17.11.35219.272
MinimumVisualStudioVersion = 10.0.40219.1
Project("{FAE04EC0-301F-11D3-BF4B-00C04F79EFBC}") = "flakosGym", "flakosGym\flakosGym.csproj", "{DEF0C53B-E5D2-4593-AE8B-9926F66318D4}"
EndProject
Global
	GlobalSection(SolutionConfigurationPlatforms) = preSolution
		Debug|Any CPU = Debug|Any CPU
		Release|Any CPU = Release|Any CPU
	EndGlobalSection
	GlobalSection(ProjectConfigurationPlatforms) = postSolution
		{DEF0C53B-E5D2-4593-AE8B-9926F66318D4}.Debug|Any CPU.ActiveCfg = Debug|Any CPU
		{DEF0C53B-E5D2-4593-AE8B-9926F66318D4}.Debug|Any CPU.Build.0 = Debug|Any CPU
		{DEF0C53B-E5D2-4593-AE8B-9926F66318D4}.Release|Any CPU.ActiveCfg = Release|Any CPU
		{DEF0C53B-E5D2-4593-AE8B-9926F66318D4}.Release|Any CPU.Build.0 = Release|Any CPU
	EndGlobalSection
	GlobalSection(SolutionProperties) = preSolution
		HideSolutionNode = FALSE
	EndGlobalSection
	GlobalSection(ExtensibilityGlobals) = postSolution
		SolutionGuid = {8B787BF3-8DAD-4863-915B-F1FAC783AE8D}
	EndGlobalSection
EndGlobal
